
Microsoft Visual Studio Solution File, Format Version 12.00
# Visual Studio Version 17
VisualStudioVersion = 17.0.31903.59
MinimumVisualStudioVersion = 10.0.40219.1
Project("{2150E333-8FDC-42A3-9474-1A3956D46DE8}") = "src", "src", "{827E0CD3-B72D-47B6-A68D-7590B98EB39B}"
EndProject
Project("{FAE04EC0-301F-11D3-BF4B-00C04F79EFBC}") = "Tracer.Shared", "src\Tracer.Shared\Tracer.Shared.csproj", "{76A31EFA-6171-4A56-843A-C3A2227E80A2}"
EndProject
Project("{FAE04EC0-301F-11D3-BF4B-00C04F79EFBC}") = "Tracer.Domain", "src\Tracer.Domain\Tracer.Domain.csproj", "{76DF7CC7-48ED-406E-A084-DCF6152B6140}"
EndProject
Project("{FAE04EC0-301F-11D3-BF4B-00C04F79EFBC}") = "Tracer.Application", "src\Tracer.Application\Tracer.Application.csproj", "{913B2FB5-8E2A-4A89-A504-074DFDCF55CF}"
EndProject
Project("{FAE04EC0-301F-11D3-BF4B-00C04F79EFBC}") = "Tracer.Persistence", "src\Tracer.Persistence\Tracer.Persistence.csproj", "{9507861E-1BA6-405B-9403-45470AFDB011}"
EndProject
Project("{FAE04EC0-301F-11D3-BF4B-00C04F79EFBC}") = "Tracer.Infrastructure", "src\Tracer.Infrastructure\Tracer.Infrastructure.csproj", "{AB2640BD-D663-40E6-A63B-5D1373CF20E9}"
EndProject
Project("{FAE04EC0-301F-11D3-BF4B-00C04F79EFBC}") = "Tracer.Api", "src\Tracer.Api\Tracer.Api.csproj", "{BCD72451-BE1A-4609-98A8-4C9383541D3A}"
EndProject
Project("{FAE04EC0-301F-11D3-BF4B-00C04F79EFBC}") = "Tracer.Domain.UnitTests", "tests\Tracer.Domain.UnitTests\Tracer.Domain.UnitTests.csproj", "{F967A78E-DFA1-4FA8-9A8C-5FCCEAA0BE87}"
EndProject
Project("{FAE04EC0-301F-11D3-BF4B-00C04F79EFBC}") = "Tracer.Application.UnitTests", "tests\Tracer.Application.UnitTests\Tracer.Application.UnitTests.csproj", "{10BEEA43-18B7-4D82-AFF9-0C4808542AD9}"
EndProject
Global
	GlobalSection(SolutionConfigurationPlatforms) = preSolution
		Debug|Any CPU = Debug|Any CPU
		Debug|x64 = Debug|x64
		Debug|x86 = Debug|x86
		Release|Any CPU = Release|Any CPU
		Release|x64 = Release|x64
		Release|x86 = Release|x86
	EndGlobalSection
	GlobalSection(ProjectConfigurationPlatforms) = postSolution
		{76A31EFA-6171-4A56-843A-C3A2227E80A2}.Debug|Any CPU.ActiveCfg = Debug|Any CPU
		{76A31EFA-6171-4A56-843A-C3A2227E80A2}.Debug|Any CPU.Build.0 = Debug|Any CPU
		{76A31EFA-6171-4A56-843A-C3A2227E80A2}.Debug|x64.ActiveCfg = Debug|Any CPU
		{76A31EFA-6171-4A56-843A-C3A2227E80A2}.Debug|x64.Build.0 = Debug|Any CPU
		{76A31EFA-6171-4A56-843A-C3A2227E80A2}.Debug|x86.ActiveCfg = Debug|Any CPU
		{76A31EFA-6171-4A56-843A-C3A2227E80A2}.Debug|x86.Build.0 = Debug|Any CPU
		{76A31EFA-6171-4A56-843A-C3A2227E80A2}.Release|Any CPU.ActiveCfg = Release|Any CPU
		{76A31EFA-6171-4A56-843A-C3A2227E80A2}.Release|Any CPU.Build.0 = Release|Any CPU
		{76A31EFA-6171-4A56-843A-C3A2227E80A2}.Release|x64.ActiveCfg = Release|Any CPU
		{76A31EFA-6171-4A56-843A-C3A2227E80A2}.Release|x64.Build.0 = Release|Any CPU
		{76A31EFA-6171-4A56-843A-C3A2227E80A2}.Release|x86.ActiveCfg = Release|Any CPU
		{76A31EFA-6171-4A56-843A-C3A2227E80A2}.Release|x86.Build.0 = Release|Any CPU
		{76DF7CC7-48ED-406E-A084-DCF6152B6140}.Debug|Any CPU.ActiveCfg = Debug|Any CPU
		{76DF7CC7-48ED-406E-A084-DCF6152B6140}.Debug|Any CPU.Build.0 = Debug|Any CPU
		{76DF7CC7-48ED-406E-A084-DCF6152B6140}.Debug|x64.ActiveCfg = Debug|Any CPU
		{76DF7CC7-48ED-406E-A084-DCF6152B6140}.Debug|x64.Build.0 = Debug|Any CPU
		{76DF7CC7-48ED-406E-A084-DCF6152B6140}.Debug|x86.ActiveCfg = Debug|Any CPU
		{76DF7CC7-48ED-406E-A084-DCF6152B6140}.Debug|x86.Build.0 = Debug|Any CPU
		{76DF7CC7-48ED-406E-A084-DCF6152B6140}.Release|Any CPU.ActiveCfg = Release|Any CPU
		{76DF7CC7-48ED-406E-A084-DCF6152B6140}.Release|Any CPU.Build.0 = Release|Any CPU
		{76DF7CC7-48ED-406E-A084-DCF6152B6140}.Release|x64.ActiveCfg = Release|Any CPU
		{76DF7CC7-48ED-406E-A084-DCF6152B6140}.Release|x64.Build.0 = Release|Any CPU
		{76DF7CC7-48ED-406E-A084-DCF6152B6140}.Release|x86.ActiveCfg = Release|Any CPU
		{76DF7CC7-48ED-406E-A084-DCF6152B6140}.Release|x86.Build.0 = Release|Any CPU
		{913B2FB5-8E2A-4A89-A504-074DFDCF55CF}.Debug|Any CPU.ActiveCfg = Debug|Any CPU
		{913B2FB5-8E2A-4A89-A504-074DFDCF55CF}.Debug|Any CPU.Build.0 = Debug|Any CPU
		{913B2FB5-8E2A-4A89-A504-074DFDCF55CF}.Debug|x64.ActiveCfg = Debug|Any CPU
		{913B2FB5-8E2A-4A89-A504-074DFDCF55CF}.Debug|x64.Build.0 = Debug|Any CPU
		{913B2FB5-8E2A-4A89-A504-074DFDCF55CF}.Debug|x86.ActiveCfg = Debug|Any CPU
		{913B2FB5-8E2A-4A89-A504-074DFDCF55CF}.Debug|x86.Build.0 = Debug|Any CPU
		{913B2FB5-8E2A-4A89-A504-074DFDCF55CF}.Release|Any CPU.ActiveCfg = Release|Any CPU
		{913B2FB5-8E2A-4A89-A504-074DFDCF55CF}.Release|Any CPU.Build.0 = Release|Any CPU
		{913B2FB5-8E2A-4A89-A504-074DFDCF55CF}.Release|x64.ActiveCfg = Release|Any CPU
		{913B2FB5-8E2A-4A89-A504-074DFDCF55CF}.Release|x64.Build.0 = Release|Any CPU
		{913B2FB5-8E2A-4A89-A504-074DFDCF55CF}.Release|x86.ActiveCfg = Release|Any CPU
		{913B2FB5-8E2A-4A89-A504-074DFDCF55CF}.Release|x86.Build.0 = Release|Any CPU
		{9507861E-1BA6-405B-9403-45470AFDB011}.Debug|Any CPU.ActiveCfg = Debug|Any CPU
		{9507861E-1BA6-405B-9403-45470AFDB011}.Debug|Any CPU.Build.0 = Debug|Any CPU
		{9507861E-1BA6-405B-9403-45470AFDB011}.Debug|x64.ActiveCfg = Debug|Any CPU
		{9507861E-1BA6-405B-9403-45470AFDB011}.Debug|x64.Build.0 = Debug|Any CPU
		{9507861E-1BA6-405B-9403-45470AFDB011}.Debug|x86.ActiveCfg = Debug|Any CPU
		{9507861E-1BA6-405B-9403-45470AFDB011}.Debug|x86.Build.0 = Debug|Any CPU
		{9507861E-1BA6-405B-9403-45470AFDB011}.Release|Any CPU.ActiveCfg = Release|Any CPU
		{9507861E-1BA6-405B-9403-45470AFDB011}.Release|Any CPU.Build.0 = Release|Any CPU
		{9507861E-1BA6-405B-9403-45470AFDB011}.Release|x64.ActiveCfg = Release|Any CPU
		{9507861E-1BA6-405B-9403-45470AFDB011}.Release|x64.Build.0 = Release|Any CPU
		{9507861E-1BA6-405B-9403-45470AFDB011}.Release|x86.ActiveCfg = Release|Any CPU
		{9507861E-1BA6-405B-9403-45470AFDB011}.Release|x86.Build.0 = Release|Any CPU
		{AB2640BD-D663-40E6-A63B-5D1373CF20E9}.Debug|Any CPU.ActiveCfg = Debug|Any CPU
		{AB2640BD-D663-40E6-A63B-5D1373CF20E9}.Debug|Any CPU.Build.0 = Debug|Any CPU
		{AB2640BD-D663-40E6-A63B-5D1373CF20E9}.Debug|x64.ActiveCfg = Debug|Any CPU
		{AB2640BD-D663-40E6-A63B-5D1373CF20E9}.Debug|x64.Build.0 = Debug|Any CPU
		{AB2640BD-D663-40E6-A63B-5D1373CF20E9}.Debug|x86.ActiveCfg = Debug|Any CPU
		{AB2640BD-D663-40E6-A63B-5D1373CF20E9}.Debug|x86.Build.0 = Debug|Any CPU
		{AB2640BD-D663-40E6-A63B-5D1373CF20E9}.Release|Any CPU.ActiveCfg = Release|Any CPU
		{AB2640BD-D663-40E6-A63B-5D1373CF20E9}.Release|Any CPU.Build.0 = Release|Any CPU
		{AB2640BD-D663-40E6-A63B-5D1373CF20E9}.Release|x64.ActiveCfg = Release|Any CPU
		{AB2640BD-D663-40E6-A63B-5D1373CF20E9}.Release|x64.Build.0 = Release|Any CPU
		{AB2640BD-D663-40E6-A63B-5D1373CF20E9}.Release|x86.ActiveCfg = Release|Any CPU
		{AB2640BD-D663-40E6-A63B-5D1373CF20E9}.Release|x86.Build.0 = Release|Any CPU
		{BCD72451-BE1A-4609-98A8-4C9383541D3A}.Debug|Any CPU.ActiveCfg = Debug|Any CPU
		{BCD72451-BE1A-4609-98A8-4C9383541D3A}.Debug|Any CPU.Build.0 = Debug|Any CPU
		{BCD72451-BE1A-4609-98A8-4C9383541D3A}.Debug|x64.ActiveCfg = Debug|Any CPU
		{BCD72451-BE1A-4609-98A8-4C9383541D3A}.Debug|x64.Build.0 = Debug|Any CPU
		{BCD72451-BE1A-4609-98A8-4C9383541D3A}.Debug|x86.ActiveCfg = Debug|Any CPU
		{BCD72451-BE1A-4609-98A8-4C9383541D3A}.Debug|x86.Build.0 = Debug|Any CPU
		{BCD72451-BE1A-4609-98A8-4C9383541D3A}.Release|Any CPU.ActiveCfg = Release|Any CPU
		{BCD72451-BE1A-4609-98A8-4C9383541D3A}.Release|Any CPU.Build.0 = Release|Any CPU
		{BCD72451-BE1A-4609-98A8-4C9383541D3A}.Release|x64.ActiveCfg = Release|Any CPU
		{BCD72451-BE1A-4609-98A8-4C9383541D3A}.Release|x64.Build.0 = Release|Any CPU
		{BCD72451-BE1A-4609-98A8-4C9383541D3A}.Release|x86.ActiveCfg = Release|Any CPU
		{BCD72451-BE1A-4609-98A8-4C9383541D3A}.Release|x86.Build.0 = Release|Any CPU
		{F967A78E-DFA1-4FA8-9A8C-5FCCEAA0BE87}.Debug|Any CPU.ActiveCfg = Debug|Any CPU
		{F967A78E-DFA1-4FA8-9A8C-5FCCEAA0BE87}.Debug|Any CPU.Build.0 = Debug|Any CPU
		{F967A78E-DFA1-4FA8-9A8C-5FCCEAA0BE87}.Debug|x64.ActiveCfg = Debug|Any CPU
		{F967A78E-DFA1-4FA8-9A8C-5FCCEAA0BE87}.Debug|x64.Build.0 = Debug|Any CPU
		{F967A78E-DFA1-4FA8-9A8C-5FCCEAA0BE87}.Debug|x86.ActiveCfg = Debug|Any CPU
		{F967A78E-DFA1-4FA8-9A8C-5FCCEAA0BE87}.Debug|x86.Build.0 = Debug|Any CPU
		{F967A78E-DFA1-4FA8-9A8C-5FCCEAA0BE87}.Release|Any CPU.ActiveCfg = Release|Any CPU
		{F967A78E-DFA1-4FA8-9A8C-5FCCEAA0BE87}.Release|Any CPU.Build.0 = Release|Any CPU
		{F967A78E-DFA1-4FA8-9A8C-5FCCEAA0BE87}.Release|x64.ActiveCfg = Release|Any CPU
		{F967A78E-DFA1-4FA8-9A8C-5FCCEAA0BE87}.Release|x64.Build.0 = Release|Any CPU
		{F967A78E-DFA1-4FA8-9A8C-5FCCEAA0BE87}.Release|x86.ActiveCfg = Release|Any CPU
		{F967A78E-DFA1-4FA8-9A8C-5FCCEAA0BE87}.Release|x86.Build.0 = Release|Any CPU
		{10BEEA43-18B7-4D82-AFF9-0C4808542AD9}.Debug|Any CPU.ActiveCfg = Debug|Any CPU
		{10BEEA43-18B7-4D82-AFF9-0C4808542AD9}.Debug|Any CPU.Build.0 = Debug|Any CPU
		{10BEEA43-18B7-4D82-AFF9-0C4808542AD9}.Debug|x64.ActiveCfg = Debug|Any CPU
		{10BEEA43-18B7-4D82-AFF9-0C4808542AD9}.Debug|x64.Build.0 = Debug|Any CPU
		{10BEEA43-18B7-4D82-AFF9-0C4808542AD9}.Debug|x86.ActiveCfg = Debug|Any CPU
		{10BEEA43-18B7-4D82-AFF9-0C4808542AD9}.Debug|x86.Build.0 = Debug|Any CPU
		{10BEEA43-18B7-4D82-AFF9-0C4808542AD9}.Release|Any CPU.ActiveCfg = Release|Any CPU
		{10BEEA43-18B7-4D82-AFF9-0C4808542AD9}.Release|Any CPU.Build.0 = Release|Any CPU
		{10BEEA43-18B7-4D82-AFF9-0C4808542AD9}.Release|x64.ActiveCfg = Release|Any CPU
		{10BEEA43-18B7-4D82-AFF9-0C4808542AD9}.Release|x64.Build.0 = Release|Any CPU
		{10BEEA43-18B7-4D82-AFF9-0C4808542AD9}.Release|x86.ActiveCfg = Release|Any CPU
		{10BEEA43-18B7-4D82-AFF9-0C4808542AD9}.Release|x86.Build.0 = Release|Any CPU
	EndGlobalSection
	GlobalSection(SolutionProperties) = preSolution
		HideSolutionNode = FALSE
	EndGlobalSection
	GlobalSection(NestedProjects) = preSolution
		{76A31EFA-6171-4A56-843A-C3A2227E80A2} = {827E0CD3-B72D-47B6-A68D-7590B98EB39B}
		{76DF7CC7-48ED-406E-A084-DCF6152B6140} = {827E0CD3-B72D-47B6-A68D-7590B98EB39B}
		{913B2FB5-8E2A-4A89-A504-074DFDCF55CF} = {827E0CD3-B72D-47B6-A68D-7590B98EB39B}
		{9507861E-1BA6-405B-9403-45470AFDB011} = {827E0CD3-B72D-47B6-A68D-7590B98EB39B}
		{AB2640BD-D663-40E6-A63B-5D1373CF20E9} = {827E0CD3-B72D-47B6-A68D-7590B98EB39B}
		{BCD72451-BE1A-4609-98A8-4C9383541D3A} = {827E0CD3-B72D-47B6-A68D-7590B98EB39B}
		{F967A78E-DFA1-4FA8-9A8C-5FCCEAA0BE87} = {827E0CD3-B72D-47B6-A68D-7590B98EB39B}
		{10BEEA43-18B7-4D82-AFF9-0C4808542AD9} = {827E0CD3-B72D-47B6-A68D-7590B98EB39B}
	EndGlobalSection
EndGlobal
